{
    "_readme": [
        "This file locks the dependencies of your project to a known state",
        "Read more about it at https://getcomposer.org/doc/01-basic-usage.md#installing-dependencies",
        "This file is @generated automatically"
    ],
    "content-hash": "8fe8468a8de6d6e331f6ce9a76fddaa1",
    "packages": [
        {
            "name": "apache/log4php",
            "version": "2.3.0",
            "source": {
                "type": "git",
                "url": "https://github.com/apache/logging-log4php.git",
                "reference": "cac428b6f67d2035af39784da1d1a299ef42fcf2"
            },
            "require": {
                "php": ">=5.2.7"
            },
            "type": "library",
            "autoload": {
                "classmap": [
                    "src/main/php/"
                ]
            },
            "notification-url": "https://packagist.org/downloads/",
            "license": [
                "Apache-2.0"
            ],
            "description": "A versatile logging framework for PHP",
            "homepage": "http://logging.apache.org/log4php/",
            "keywords": [
                "log",
                "logging",
                "php"
            ],
            "time": "2012-10-26T09:13:25+00:00"
        },
        {
            "name": "rbdwllr/reallysimplejwt",
            "version": "dev-master",
            "source": {
                "type": "git",
                "url": "https://github.com/RobDWaller/ReallySimpleJWT.git",
                "reference": "5196b0bb2058321b1ca5703d0946a8cfa0401b09"
            },
            "dist": {
                "type": "zip",
                "url": "https://api.github.com/repos/RobDWaller/ReallySimpleJWT/zipball/5196b0bb2058321b1ca5703d0946a8cfa0401b09",
                "reference": "5196b0bb2058321b1ca5703d0946a8cfa0401b09",
                "shasum": ""
            },
            "require": {
                "php": ">=7.1.0"
            },
            "require-dev": {
                "infection/infection": "^0.12.2",
                "phploc/phploc": "^4.0",
                "phpmd/phpmd": "2.6.*",
                "phpstan/phpstan": "^0.10",
                "phpunit/phpunit": "^7.0",
                "squizlabs/php_codesniffer": "^3.0"
            },
            "type": "library",
            "autoload": {
                "psr-4": {
                    "ReallySimpleJWT\\": "src",
                    "Tests\\": "tests"
                }
            },
            "notification-url": "https://packagist.org/downloads/",
            "license": [
                "MIT"
            ],
            "authors": [
                {
                    "name": "Rob Waller",
                    "email": "rdwaller1984@gmail.com"
                }
            ],
            "description": "A really simple library to generate user authentication JSON Web Tokens.",
            "keywords": [
                "Authentication",
                "json",
                "json web tokens",
                "jwt",
                "php",
                "tokens"
            ],
            "time": "2019-06-27T10:01:36+00:00"
        }
    ],
    "packages-dev": [],
    "aliases": [],
    "minimum-stability": "dev",
    "stability-flags": {
        "rbdwllr/reallysimplejwt": 20
    },
    "prefer-stable": false,
    "prefer-lowest": false,
    "platform": {
        "ext-pdo": "*",
        "ext-mbstring": "*",
        "ext-openssl": "*",
        "ext-json": "*"
    },
    "platform-dev": []
}
